Peridigm:
  Blocks:
    Beam:
      Block Names: block_1
      Horizon: 0.28285
      Material: Steel
      Damage Model: Damage Model 1 
  Boundary Conditions:
    Node Set Fixed: 1 2 3 4 5 6 7 8
    Node Set Displacement: 9 10 11 12 13 14 15 16
    Node Set All: 1 2 3 4 5 6 7 8 9 10 11 12 13 14 15 16
    Fixed Y:
      Type: Prescribed Displacement
      Node Set: Node Set All
      Coordinate: y
      Value: "0.0"
    Fixed Z:
      Type: Prescribed Displacement
      Node Set: Node Set All
      Coordinate: z
      Value: "0.0"
    Fixed X:
      Type: Prescribed Displacement
      Node Set: Node Set Fixed
      Coordinate: x
      Value: "0.0"
    Displacement X:
      Type: Prescribed Displacement
      Node Set: Node Set Displacement
      Coordinate: x
      Value: "0.03*t"
  Damage Models:
    Damage Model 1:
      Damage Model: "Interface Aware"
      Critical Stretch: 0.1
  Discretization:
    Type: "Text File"
    Input Mesh File: "../meshOneBlock.csv"
  Materials:
    Steel:
      Density: 7000.0
      Hourglass Coefficient: 0.02
      Material Model: Pals
      Poisson's Ratio: 0.3
      Young's Modulus: 200e9
  Output:
    Output Filename: InterfaceAwareDamageModelOneBlock
    Output Frequency: 1
    Output Variables:
      Model_Coordinates: true
      Displacement: true
      Number_Of_Neighbors: true
      Force: true
      Force_Density: true
      Damage: true
      Proc_Num: true
  Solver:
    Verbose: false
    Initial Time: 0.0
    Final Time: 2.0
    QuasiStatic:
      Belos Linear Solver: BlockCG
      Number of Load Steps: 2
      Relative Tolerance: 1e-6
      Maximum Solver Iterations: 10
